# This file is generated by running "yarn install" inside your project.
# Manual changes might be lost - proceed with caution!

__metadata:
  version: 4
  cacheKey: 8

"@babel/runtime@npm:^7.3.1, @babel/runtime@npm:^7.4.4, @babel/runtime@npm:^7.5.5, @babel/runtime@npm:^7.8.3, @babel/runtime@npm:^7.8.7":
  version: 7.15.3
  resolution: "@babel/runtime@npm:7.15.3"
  dependencies:
    regenerator-runtime: ^0.13.4
  checksum: 2f0b8d2d4e36035ab1d84af0ec26aafa098536870f27c8e07de0a0e398f7a394fdea68a88165535ffb52ded6a68912bdc3450bdf91f229eb132e1c89470789f5
  languageName: node
  linkType: hard

"@emotion/hash@npm:^0.8.0":
  version: 0.8.0
  resolution: "@emotion/hash@npm:0.8.0"
  checksum: 4b35d88a97e67275c1d990c96d3b0450451d089d1508619488fc0acb882cb1ac91e93246d471346ebd1b5402215941ef4162efe5b51534859b39d8b3a0e3ffaa
  languageName: node
  linkType: hard

"@gliff-ai/style-example@workspace:.":
  version: 0.0.0-use.local
  resolution: "@gliff-ai/style-example@workspace:."
  dependencies:
    "@gliff-ai/style": "link:.."
    "@material-ui/core": ^4.11.3
    "@material-ui/icons": ^4.11.2
    "@material-ui/lab": ^4.0.0-alpha.60
    esbuild: ^0.12.22
    react: ^17.0.2
    react-dom: ^17.0.2
    react-inlinesvg: ^2.3.0
  languageName: unknown
  linkType: soft

"@gliff-ai/style@link:..::locator=%40gliff-ai%2Fstyle-example%40workspace%3A.":
  version: 0.0.0-use.local
  resolution: "@gliff-ai/style@link:..::locator=%40gliff-ai%2Fstyle-example%40workspace%3A."
  languageName: node
  linkType: soft

"@material-ui/core@npm:^4.11.3":
  version: 4.12.3
  resolution: "@material-ui/core@npm:4.12.3"
  dependencies:
    "@babel/runtime": ^7.4.4
    "@material-ui/styles": ^4.11.4
    "@material-ui/system": ^4.12.1
    "@material-ui/types": 5.1.0
    "@material-ui/utils": ^4.11.2
    "@types/react-transition-group": ^4.2.0
    clsx: ^1.0.4
    hoist-non-react-statics: ^3.3.2
    popper.js: 1.16.1-lts
    prop-types: ^15.7.2
    react-is: ^16.8.0 || ^17.0.0
    react-transition-group: ^4.4.0
  peerDependencies:
    "@types/react": ^16.8.6 || ^17.0.0
    react: ^16.8.0 || ^17.0.0
    react-dom: ^16.8.0 || ^17.0.0
  peerDependenciesMeta:
    "@types/react":
      optional: true
  checksum: f0032b8c04883fa4aed66a949cde21f1df35c622fbab30b91cfe8fae9508729a4847db3843cba9b1c491466dd2100fddb9e691ffc6b86052a7986215dbb4f94c
  languageName: node
  linkType: hard

"@material-ui/icons@npm:^4.11.2":
  version: 4.11.2
  resolution: "@material-ui/icons@npm:4.11.2"
  dependencies:
    "@babel/runtime": ^7.4.4
  peerDependencies:
    "@material-ui/core": ^4.0.0
    "@types/react": ^16.8.6 || ^17.0.0
    react: ^16.8.0 || ^17.0.0
    react-dom: ^16.8.0 || ^17.0.0
  peerDependenciesMeta:
    "@types/react":
      optional: true
  checksum: 0cd1d54b25a4237bd0cefd383d287911f721d4c4ac4fd7980370566b9927f3a9725e7a715042f7c65c87fa554173fbef5328de1d08e60eb996038f375ddf583a
  languageName: node
  linkType: hard

"@material-ui/lab@npm:^4.0.0-alpha.60":
  version: 4.0.0-alpha.60
  resolution: "@material-ui/lab@npm:4.0.0-alpha.60"
  dependencies:
    "@babel/runtime": ^7.4.4
    "@material-ui/utils": ^4.11.2
    clsx: ^1.0.4
    prop-types: ^15.7.2
    react-is: ^16.8.0 || ^17.0.0
  peerDependencies:
    "@material-ui/core": ^4.12.1
    "@types/react": ^16.8.6 || ^17.0.0
    react: ^16.8.0 || ^17.0.0
    react-dom: ^16.8.0 || ^17.0.0
  peerDependenciesMeta:
    "@types/react":
      optional: true
  checksum: 8da8bcd63621f0ee1bc3a2013a1b54c89259cc17833ab4728bb0b95d08535dfee884779a76d6fec8597f2dd1748b3ce008e114bcd18ce26c6f4abd223cfeaebb
  languageName: node
  linkType: hard

"@material-ui/styles@npm:^4.11.4":
  version: 4.11.4
  resolution: "@material-ui/styles@npm:4.11.4"
  dependencies:
    "@babel/runtime": ^7.4.4
    "@emotion/hash": ^0.8.0
    "@material-ui/types": 5.1.0
    "@material-ui/utils": ^4.11.2
    clsx: ^1.0.4
    csstype: ^2.5.2
    hoist-non-react-statics: ^3.3.2
    jss: ^10.5.1
    jss-plugin-camel-case: ^10.5.1
    jss-plugin-default-unit: ^10.5.1
    jss-plugin-global: ^10.5.1
    jss-plugin-nested: ^10.5.1
    jss-plugin-props-sort: ^10.5.1
    jss-plugin-rule-value-function: ^10.5.1
    jss-plugin-vendor-prefixer: ^10.5.1
    prop-types: ^15.7.2
  peerDependencies:
    "@types/react": ^16.8.6 || ^17.0.0
    react: ^16.8.0 || ^17.0.0
    react-dom: ^16.8.0 || ^17.0.0
  peerDependenciesMeta:
    "@types/react":
      optional: true
  checksum: ef9abc486c74943df28a69d095ee07d752b17e27e70d6adede6cc368f0811529260bc509c664dff995763f02b5324594c98cf71f5d8981ea98dd25c0e2c1dd39
  languageName: node
  linkType: hard

"@material-ui/system@npm:^4.12.1":
  version: 4.12.1
  resolution: "@material-ui/system@npm:4.12.1"
  dependencies:
    "@babel/runtime": ^7.4.4
    "@material-ui/utils": ^4.11.2
    csstype: ^2.5.2
    prop-types: ^15.7.2
  peerDependencies:
    "@types/react": ^16.8.6 || ^17.0.0
    react: ^16.8.0 || ^17.0.0
    react-dom: ^16.8.0 || ^17.0.0
  peerDependenciesMeta:
    "@types/react":
      optional: true
  checksum: 2acf20b43090c381530899e2fa85b0a774fc4dfe08aa97a55c8fd58f833175fd1cb17374ecc403f722c2db3b3caffd1fadd5dffe146a08d036bc6031d676659b
  languageName: node
  linkType: hard

"@material-ui/types@npm:5.1.0":
  version: 5.1.0
  resolution: "@material-ui/types@npm:5.1.0"
  peerDependencies:
    "@types/react": "*"
  peerDependenciesMeta:
    "@types/react":
      optional: true
  checksum: 64ac0938ee6f48011ba596f7422ab0660d9a8d9b4f5f183b39bd63185b1ce724209f65580f0af686d59b524603ffa57418ca2d443b69bec894303f80779c61f8
  languageName: node
  linkType: hard

"@material-ui/utils@npm:^4.11.2":
  version: 4.11.2
  resolution: "@material-ui/utils@npm:4.11.2"
  dependencies:
    "@babel/runtime": ^7.4.4
    prop-types: ^15.7.2
    react-is: ^16.8.0 || ^17.0.0
  peerDependencies:
    react: ^16.8.0 || ^17.0.0
    react-dom: ^16.8.0 || ^17.0.0
  checksum: 30e15b197c52bb607ba2f00293acbda66388427560e30f5dd82714dee69f565cf0896baa98f869b191a881e14e0df08155fd9d598b356ac2262b8e60e43a5499
  languageName: node
  linkType: hard

"@types/prop-types@npm:*":
  version: 15.7.4
  resolution: "@types/prop-types@npm:15.7.4"
  checksum: ef6e1899e59b876c273811b1bd845022fc66d5a3d11cb38a25b6c566b30514ae38fe20a40f67622f362a4f4f7f9224e22d8da101cff3d6e97e11d7b4c307cfc1
  languageName: node
  linkType: hard

"@types/react-transition-group@npm:^4.2.0":
  version: 4.4.2
  resolution: "@types/react-transition-group@npm:4.4.2"
  dependencies:
    "@types/react": "*"
  checksum: 35523ef25ae5bbf68793a52e9b996f8c7c337e0d10650bc964c26929547b062509c955f55e76651bcf604560594783f60c4bfcee290a263845f9e43eb0ab0d1e
  languageName: node
  linkType: hard

"@types/react@npm:*":
  version: 17.0.19
  resolution: "@types/react@npm:17.0.19"
  dependencies:
    "@types/prop-types": "*"
    "@types/scheduler": "*"
    csstype: ^3.0.2
  checksum: d5af52623dd863e5a9f64eb72979f19c21e03012e25ee93adc93f664ed7976e81b654128dc653b225ad5ba2aaae24e0febe37face272bb051d6289e23ed7177d
  languageName: node
  linkType: hard

"@types/scheduler@npm:*":
  version: 0.16.2
  resolution: "@types/scheduler@npm:0.16.2"
  checksum: b6b4dcfeae6deba2e06a70941860fb1435730576d3689225a421280b7742318d1548b3d22c1f66ab68e414f346a9542f29240bc955b6332c5b11e561077583bc
  languageName: node
  linkType: hard

"clsx@npm:^1.0.4":
  version: 1.1.1
  resolution: "clsx@npm:1.1.1"
  checksum: ff052650329773b9b245177305fc4c4dc3129f7b2be84af4f58dc5defa99538c61d4207be7419405a5f8f3d92007c954f4daba5a7b74e563d5de71c28c830063
  languageName: node
  linkType: hard

"css-vendor@npm:^2.0.8":
  version: 2.0.8
  resolution: "css-vendor@npm:2.0.8"
  dependencies:
    "@babel/runtime": ^7.8.3
    is-in-browser: ^1.0.2
  checksum: 647cd4ea5e401c65c59376255aa2b708e92bf84fba9ce2b3ff5ecb94bf51d74ac374052b1cf9956ef7419b8ebf07fcea9a7683d2d2459127b2ca747ab5b98745
  languageName: node
  linkType: hard

"csstype@npm:^2.5.2":
  version: 2.6.17
  resolution: "csstype@npm:2.6.17"
  checksum: 6eee5cf81a4b1b2f0e8707b4accd7504f7cceb4b5a496d58c6e4fcea1a70c1443a975e45d722c892d372ffe788fa278ddfe4d70c5f881375f34e48bb99c70ecc
  languageName: node
  linkType: hard

"csstype@npm:^3.0.2":
  version: 3.0.8
  resolution: "csstype@npm:3.0.8"
  checksum: 5939a003858a31a32cbc52a8f45496aa0c2bcb4629b21c5bc14a7ddcac1a3d4adfd655f56843dc14940f60563378e9444af2c9c373b3f212601b9eeb6740b8db
  languageName: node
  linkType: hard

"dom-helpers@npm:^5.0.1":
  version: 5.2.1
  resolution: "dom-helpers@npm:5.2.1"
  dependencies:
    "@babel/runtime": ^7.8.7
    csstype: ^3.0.2
  checksum: 863ba9e086f7093df3376b43e74ce4422571d404fc9828bf2c56140963d5edf0e56160f9b2f3bb61b282c07f8fc8134f023c98fd684bddcb12daf7b0f14d951c
  languageName: node
  linkType: hard

"esbuild@npm:^0.12.22":
  version: 0.12.22
  resolution: "esbuild@npm:0.12.22"
  bin:
    esbuild: bin/esbuild
  checksum: db14cc10914d40a875da1b102cee7479ebe1b085cdc2deaa8e275468ada9bf3c6b793bd6004a031a9f2e34865fe629dc59030c5fe4820978f1cf071966aa2c5d
  languageName: node
  linkType: hard

"exenv@npm:^1.2.2":
  version: 1.2.2
  resolution: "exenv@npm:1.2.2"
  checksum: a894f3b60ab8419e0b6eec99c690a009c8276b4c90655ccaf7d28faba2de3a6b93b3d92210f9dc5efd36058d44f04098f6bbccef99859151104bfd49939904dc
  languageName: node
  linkType: hard

"hoist-non-react-statics@npm:^3.3.2":
  version: 3.3.2
  resolution: "hoist-non-react-statics@npm:3.3.2"
  dependencies:
    react-is: ^16.7.0
  checksum: b1538270429b13901ee586aa44f4cc3ecd8831c061d06cb8322e50ea17b3f5ce4d0e2e66394761e6c8e152cd8c34fb3b4b690116c6ce2bd45b18c746516cb9e8
  languageName: node
  linkType: hard

"hyphenate-style-name@npm:^1.0.3":
  version: 1.0.4
  resolution: "hyphenate-style-name@npm:1.0.4"
  checksum: 4f5bf4b055089754924babebaa23c17845937bcca6aee95d5d015f8fa1e6814279002bd6a9e541e3fac2cd02519fc76305396727066c57c8e21a7e73e7a12137
  languageName: node
  linkType: hard

"is-in-browser@npm:^1.0.2, is-in-browser@npm:^1.1.3":
  version: 1.1.3
  resolution: "is-in-browser@npm:1.1.3"
  checksum: 178491f97f6663c0574565701b76f41633dbe065e4bd8d518ce017a8fa25e5109ecb6a3bd8bd55c0aba11b208f86b9f0f9c91f3664e148ebf618b74a74fcaf09
  languageName: node
  linkType: hard

"js-tokens@npm:^3.0.0 || ^4.0.0":
  version: 4.0.0
  resolution: "js-tokens@npm:4.0.0"
  checksum: 8a95213a5a77deb6cbe94d86340e8d9ace2b93bc367790b260101d2f36a2eaf4e4e22d9fa9cf459b38af3a32fb4190e638024cf82ec95ef708680e405ea7cc78
  languageName: node
  linkType: hard

"jss-plugin-camel-case@npm:^10.5.1":
  version: 10.7.1
  resolution: "jss-plugin-camel-case@npm:10.7.1"
  dependencies:
    "@babel/runtime": ^7.3.1
    hyphenate-style-name: ^1.0.3
    jss: 10.7.1
  checksum: 80982ea222dc19a40ccbe661c4aae161c3e27057d904da5a350d1b93ef552ae31c351a5688be8e34b181d78ba874003bed4303969b5becda9d10fd25deb3f0f4
  languageName: node
  linkType: hard

"jss-plugin-default-unit@npm:^10.5.1":
  version: 10.7.1
  resolution: "jss-plugin-default-unit@npm:10.7.1"
  dependencies:
    "@babel/runtime": ^7.3.1
    jss: 10.7.1
  checksum: 3021fb27ad89ce6248f50cb85e808c90b11f34611848c32e9e7e07241cea6d179d2d3ead78cae19957cae6f4c4f2bfb8078b4fa0b74765f1e3a0d1021c8496c2
  languageName: node
  linkType: hard

"jss-plugin-global@npm:^10.5.1":
  version: 10.7.1
  resolution: "jss-plugin-global@npm:10.7.1"
  dependencies:
    "@babel/runtime": ^7.3.1
    jss: 10.7.1
  checksum: a997be1348cd28a854509b1805925572c70961a31f1c5c90033050eeeaabf02d578ffab64963b8f20f1bcd5d76769b73b97f4353f006a3166e0f15757bcb382d
  languageName: node
  linkType: hard

"jss-plugin-nested@npm:^10.5.1":
  version: 10.7.1
  resolution: "jss-plugin-nested@npm:10.7.1"
  dependencies:
    "@babel/runtime": ^7.3.1
    jss: 10.7.1
    tiny-warning: ^1.0.2
  checksum: b58e89875fe4647784338dbaec888ab48807c1225e9ca780ca2d5d3fa04dd14bfad99f1554298db455b43ba21d66864b3b92d93974a1eae90059d674365193ad
  languageName: node
  linkType: hard

"jss-plugin-props-sort@npm:^10.5.1":
  version: 10.7.1
  resolution: "jss-plugin-props-sort@npm:10.7.1"
  dependencies:
    "@babel/runtime": ^7.3.1
    jss: 10.7.1
  checksum: 87a3fbfe0342dbf5c8eb196d8769d335b148a44297fa571140e8f5a99a8fd8a414d86939b98b2ae3df6a92199685bd3929368b155f24124bad2d0acb13f51096
  languageName: node
  linkType: hard

"jss-plugin-rule-value-function@npm:^10.5.1":
  version: 10.7.1
  resolution: "jss-plugin-rule-value-function@npm:10.7.1"
  dependencies:
    "@babel/runtime": ^7.3.1
    jss: 10.7.1
    tiny-warning: ^1.0.2
  checksum: e08524bf469b69db1b08493792324c725496467d41638c4715c53d58d4ac53db7699c84679391e98fff0f3f1d259fe6acbae84fd257ee60bc20e43f77ef4c8b8
  languageName: node
  linkType: hard

"jss-plugin-vendor-prefixer@npm:^10.5.1":
  version: 10.7.1
  resolution: "jss-plugin-vendor-prefixer@npm:10.7.1"
  dependencies:
    "@babel/runtime": ^7.3.1
    css-vendor: ^2.0.8
    jss: 10.7.1
  checksum: 3ff3670349951085397a31171615aa92084aaa9ec5d47c3ee1c9ce0355e4fa50813451069d8bf61f3b278a5dce91d55030248ffd36225ae9eeebc512dada3370
  languageName: node
  linkType: hard

"jss@npm:10.7.1, jss@npm:^10.5.1":
  version: 10.7.1
  resolution: "jss@npm:10.7.1"
  dependencies:
    "@babel/runtime": ^7.3.1
    csstype: ^3.0.2
    is-in-browser: ^1.1.3
    tiny-warning: ^1.0.2
  checksum: f4603192b88165a9a9c031c96162803422284fcd443b6dabcb1b46f74d3bfe9c3d653054070122518c84d41572cb7624207eebec6f879dfe8b42d108ac683a4e
  languageName: node
  linkType: hard

"loose-envify@npm:^1.1.0, loose-envify@npm:^1.4.0":
  version: 1.4.0
  resolution: "loose-envify@npm:1.4.0"
  dependencies:
    js-tokens: ^3.0.0 || ^4.0.0
  bin:
    loose-envify: cli.js
  checksum: 6517e24e0cad87ec9888f500c5b5947032cdfe6ef65e1c1936a0c48a524b81e65542c9c3edc91c97d5bddc806ee2a985dbc79be89215d613b1de5db6d1cfe6f4
  languageName: node
  linkType: hard

"object-assign@npm:^4.1.1":
  version: 4.1.1
  resolution: "object-assign@npm:4.1.1"
  checksum: fcc6e4ea8c7fe48abfbb552578b1c53e0d194086e2e6bbbf59e0a536381a292f39943c6e9628af05b5528aa5e3318bb30d6b2e53cadaf5b8fe9e12c4b69af23f
  languageName: node
  linkType: hard

"popper.js@npm:1.16.1-lts":
  version: 1.16.1-lts
  resolution: "popper.js@npm:1.16.1-lts"
  checksum: 27c00b5b07afa91a5e9f9db78a9a61b50f44ca156d09c851cd29d79cd359e54cfde4288ae555b88801438227e452e56cb4b56bd79fd45ab17dac780a70a7e9ac
  languageName: node
  linkType: hard

"prop-types@npm:^15.6.2, prop-types@npm:^15.7.2":
  version: 15.7.2
  resolution: "prop-types@npm:15.7.2"
  dependencies:
    loose-envify: ^1.4.0
    object-assign: ^4.1.1
    react-is: ^16.8.1
  checksum: 5eef82fdda64252c7e75aa5c8cc28a24bbdece0f540adb60ce67c205cf978a5bd56b83e4f269f91c6e4dcfd80b36f2a2dec24d362e278913db2086ca9c6f9430
  languageName: node
  linkType: hard

"react-dom@npm:^17.0.2":
  version: 17.0.2
  resolution: "react-dom@npm:17.0.2"
  dependencies:
    loose-envify: ^1.1.0
    object-assign: ^4.1.1
    scheduler: ^0.20.2
  peerDependencies:
    react: 17.0.2
  checksum: 1c1eaa3bca7c7228d24b70932e3d7c99e70d1d04e13bb0843bbf321582bc25d7961d6b8a6978a58a598af2af496d1cedcfb1bf65f6b0960a0a8161cb8dab743c
  languageName: node
  linkType: hard

"react-from-dom@npm:^0.6.0":
  version: 0.6.1
  resolution: "react-from-dom@npm:0.6.1"
  peerDependencies:
    react: ^15.0.0 || ^16.0.0 || ^17.0.0
  checksum: 2b642ce9000fca9583c4162a117bfcaa72f7645be4fb4a709d4c5620f0f5de09132b95e996c687a347f9919cdcc385dae511a18482524d5e7ab0bd7883ce3e51
  languageName: node
  linkType: hard

"react-inlinesvg@npm:^2.3.0":
  version: 2.3.0
  resolution: "react-inlinesvg@npm:2.3.0"
  dependencies:
    exenv: ^1.2.2
    react-from-dom: ^0.6.0
  peerDependencies:
    react: ^16.8.0 || ^17.0.0
  checksum: ea43f6ec069ae6ef5be65fe587bf3fbaae0668124ddf7ec7b4f569cd4b6a32654897065019611d3a068e69275727f5918b9218d1b3f368f2a8d5198aaaf93a17
  languageName: node
  linkType: hard

"react-is@npm:^16.7.0, react-is@npm:^16.8.1":
  version: 16.13.1
  resolution: "react-is@npm:16.13.1"
  checksum: f7a19ac3496de32ca9ae12aa030f00f14a3d45374f1ceca0af707c831b2a6098ef0d6bdae51bd437b0a306d7f01d4677fcc8de7c0d331eb47ad0f46130e53c5f
  languageName: node
  linkType: hard

"react-is@npm:^16.8.0 || ^17.0.0":
  version: 17.0.2
  resolution: "react-is@npm:17.0.2"
  checksum: 9d6d111d8990dc98bc5402c1266a808b0459b5d54830bbea24c12d908b536df7883f268a7868cfaedde3dd9d4e0d574db456f84d2e6df9c4526f99bb4b5344d8
  languageName: node
  linkType: hard

"react-transition-group@npm:^4.4.0":
  version: 4.4.2
  resolution: "react-transition-group@npm:4.4.2"
  dependencies:
    "@babel/runtime": ^7.5.5
    dom-helpers: ^5.0.1
    loose-envify: ^1.4.0
    prop-types: ^15.6.2
  peerDependencies:
    react: ">=16.6.0"
    react-dom: ">=16.6.0"
  checksum: b67bf5b3e86dbab72d658b9a52a3589e5960583ab28c7c66272427d8fe30d4c7de422d5046ae96bd2683cdf80cc3264b2516f5ce80cae1dbe6cf3ca6dda392c5
  languageName: node
  linkType: hard

"react@npm:^17.0.2":
  version: 17.0.2
  resolution: "react@npm:17.0.2"
  dependencies:
    loose-envify: ^1.1.0
    object-assign: ^4.1.1
  checksum: b254cc17ce3011788330f7bbf383ab653c6848902d7936a87b09d835d091e3f295f7e9dd1597c6daac5dc80f90e778c8230218ba8ad599f74adcc11e33b9d61b
  languageName: node
  linkType: hard

"regenerator-runtime@npm:^0.13.4":
  version: 0.13.9
  resolution: "regenerator-runtime@npm:0.13.9"
  checksum: 65ed455fe5afd799e2897baf691ca21c2772e1a969d19bb0c4695757c2d96249eb74ee3553ea34a91062b2a676beedf630b4c1551cc6299afb937be1426ec55e
  languageName: node
  linkType: hard

"scheduler@npm:^0.20.2":
  version: 0.20.2
  resolution: "scheduler@npm:0.20.2"
  dependencies:
    loose-envify: ^1.1.0
    object-assign: ^4.1.1
  checksum: c4b35cf967c8f0d3e65753252d0f260271f81a81e427241295c5a7b783abf4ea9e905f22f815ab66676f5313be0a25f47be582254db8f9241b259213e999b8fc
  languageName: node
  linkType: hard

"tiny-warning@npm:^1.0.2":
  version: 1.0.3
  resolution: "tiny-warning@npm:1.0.3"
  checksum: da62c4acac565902f0624b123eed6dd3509bc9a8d30c06e017104bedcf5d35810da8ff72864400ad19c5c7806fc0a8323c68baf3e326af7cb7d969f846100d71
  languageName: node
  linkType: hard
